
Microsoft Visual Studio Solution File, Format Version 12.00
# Visual Studio 15
VisualStudioVersion = 15.0.27703.2035
MinimumVisualStudioVersion = 10.0.40219.1
Project("{FAE04EC0-301F-11D3-BF4B-00C04F79EFBC}") = "DemoORAndAND", "DemoORAndAND\DemoORAndAND.csproj", "{43A93845-53A5-4F0A-8924-C7E21AB0CB4D}"
EndProject
Global
	GlobalSection(SolutionConfigurationPlatforms) = preSolution
		Debug|Any CPU = Debug|Any CPU
		Release|Any CPU = Release|Any CPU
	EndGlobalSection
	GlobalSection(ProjectConfigurationPlatforms) = postSolution
		{43A93845-53A5-4F0A-8924-C7E21AB0CB4D}.Debug|Any CPU.ActiveCfg = Debug|Any CPU
		{43A93845-53A5-4F0A-8924-C7E21AB0CB4D}.Debug|Any CPU.Build.0 = Debug|Any CPU
		{43A93845-53A5-4F0A-8924-C7E21AB0CB4D}.Release|Any CPU.ActiveCfg = Release|Any CPU
		{43A93845-53A5-4F0A-8924-C7E21AB0CB4D}.Release|Any CPU.Build.0 = Release|Any CPU
	EndGlobalSection
	GlobalSection(SolutionProperties) = preSolution
		HideSolutionNode = FALSE
	EndGlobalSection
	GlobalSection(ExtensibilityGlobals) = postSolution
		SolutionGuid = {5B1EB6B2-79A7-4706-9388-FC95E8469711}
	EndGlobalSection
EndGlobal
